
Microsoft Visual Studio Solution File, Format Version 12.00
# Visual Studio Version 17
VisualStudioVersion = 17.8.34601.278
MinimumVisualStudioVersion = 10.0.40219.1
Project("{FAE04EC0-301F-11D3-BF4B-00C04F79EFBC}") = "BlazorAppJenkins", "BlazorAppJenkins\BlazorAppJenkins.csproj", "{73FDE1BE-68BD-4325-AE0E-D2753075C8DB}"
EndProject
Global
	GlobalSection(SolutionConfigurationPlatforms) = preSolution
		Debug|Any CPU = Debug|Any CPU
		Release|Any CPU = Release|Any CPU
	EndGlobalSection
	GlobalSection(ProjectConfigurationPlatforms) = postSolution
		{73FDE1BE-68BD-4325-AE0E-D2753075C8DB}.Debug|Any CPU.ActiveCfg = Debug|Any CPU
		{73FDE1BE-68BD-4325-AE0E-D2753075C8DB}.Debug|Any CPU.Build.0 = Debug|Any CPU
		{73FDE1BE-68BD-4325-AE0E-D2753075C8DB}.Release|Any CPU.ActiveCfg = Release|Any CPU
		{73FDE1BE-68BD-4325-AE0E-D2753075C8DB}.Release|Any CPU.Build.0 = Release|Any CPU
	EndGlobalSection
	GlobalSection(SolutionProperties) = preSolution
		HideSolutionNode = FALSE
	EndGlobalSection
	GlobalSection(ExtensibilityGlobals) = postSolution
		SolutionGuid = {88511437-E019-4CBD-B2EB-85A5902B540C}
	EndGlobalSection
EndGlobal
